
Microsoft Visual Studio Solution File, Format Version 12.00
# Visual Studio 15
VisualStudioVersion = 15.0.28307.572
MinimumVisualStudioVersion = 10.0.40219.1
Project("{FAE04EC0-301F-11D3-BF4B-00C04F79EFBC}") = "CTS.Data", "CTS.Data\CTS.Data.csproj", "{72C0A891-010B-4090-8C2A-AD68B35329A3}"
EndProject
Project("{FAE04EC0-301F-11D3-BF4B-00C04F79EFBC}") = "CTSDesktop", "CTSDesktop\CTSDesktop.csproj", "{1BCF7567-E31E-4CAF-91C9-8AC093033AEE}"
EndProject
Global
	GlobalSection(SolutionConfigurationPlatforms) = preSolution
		Debug|Any CPU = Debug|Any CPU
		Release|Any CPU = Release|Any CPU
	EndGlobalSection
	GlobalSection(ProjectConfigurationPlatforms) = postSolution
		{72C0A891-010B-4090-8C2A-AD68B35329A3}.Debug|Any CPU.ActiveCfg = Debug|Any CPU
		{72C0A891-010B-4090-8C2A-AD68B35329A3}.Debug|Any CPU.Build.0 = Debug|Any CPU
		{72C0A891-010B-4090-8C2A-AD68B35329A3}.Release|Any CPU.ActiveCfg = Release|Any CPU
		{72C0A891-010B-4090-8C2A-AD68B35329A3}.Release|Any CPU.Build.0 = Release|Any CPU
		{1BCF7567-E31E-4CAF-91C9-8AC093033AEE}.Debug|Any CPU.ActiveCfg = Debug|Any CPU
		{1BCF7567-E31E-4CAF-91C9-8AC093033AEE}.Debug|Any CPU.Build.0 = Debug|Any CPU
		{1BCF7567-E31E-4CAF-91C9-8AC093033AEE}.Release|Any CPU.ActiveCfg = Release|Any CPU
		{1BCF7567-E31E-4CAF-91C9-8AC093033AEE}.Release|Any CPU.Build.0 = Release|Any CPU
	EndGlobalSection
	GlobalSection(SolutionProperties) = preSolution
		HideSolutionNode = FALSE
	EndGlobalSection
	GlobalSection(ExtensibilityGlobals) = postSolution
		SolutionGuid = {0661B923-9A2E-4AD1-B958-94E676948262}
	EndGlobalSection
EndGlobal
